{
  "requires": true,
  "lockfileVersion": 1,
  "dependencies": {
    "@types/node": {
      "version": "14.10.0",
      "resolved": "https://registry.npmjs.org/@types/node/-/node-14.10.0.tgz",
      "integrity": "sha512-SOIyrdADB4cq6eY1F+9iU48iIomFAPltu11LCvA9PKcyEwHadjCFzNVPotAR+oEJA0bCP4Xvvgy+vwu1ZjVh8g==",
      "dev": true
    },
    "pdf2json": {
      "version": "0.7.1",
      "resolved": "https://registry.npmjs.org/pdf2json/-/pdf2json-0.7.1.tgz",
      "integrity": "sha1-iIjXPCaTjk2Ih7Yz1uS0Qi3NMMs=",
      "requires": {
        "async": ">=0.2.6",
        "optimist": ">=0.3.5",
        "underscore": ">=1.4.2",
        "xmldom": ">=0.1.13"
      },
      "dependencies": {
        "async": {
          "version": "0.2.6",
          "bundled": true
        },
        "optimist": {
          "version": "0.3.5",
          "bundled": true,
          "requires": {
            "wordwrap": "~0.0.2"
          },
          "dependencies": {
            "wordwrap": {
              "version": "0.0.2",
              "bundled": true
            }
          }
        },
        "underscore": {
          "version": "1.4.4",
          "bundled": true
        },
        "xmldom": {
          "version": "0.1.13",
          "bundled": true
        }
      }
    },
    "pdf2table": {
      "version": "0.0.2",
      "resolved": "https://registry.npmjs.org/pdf2table/-/pdf2table-0.0.2.tgz",
      "integrity": "sha1-wXgFVIAd88Ytb5tQ1mGUTS+oUE0=",
      "requires": {
        "pdf2json": "^0.7.1"
      }
    }
  }
}
